// !$*UTF8*$!
{
	archiveVersion = 1;
	classes = {
	};
	objectVersion = 46;
	objects = {

/* Begin PBXBuildFile section */
		54C240FCEB4EC3277158363E /* Pods_tippsyTests.framework in Frameworks */ = {isa = PBXBuildFile; fileRef = EF29D2407D3E3F4C502A0E66 /* Pods_tippsyTests.framework */; };
		D355DCD595D47DFC296BC9C0 /* Pods_tippsy.framework in Frameworks */ = {isa = PBXBuildFile; fileRef = DE23532F1DB532E5D9DD2372 /* Pods_tippsy.framework */; };
		D6A43C17EB9C4C14298E3DA6 /* Pods_tippsyUITests.framework in Frameworks */ = {isa = PBXBuildFile; fileRef = 67844681900AA483AD95F2CD /* Pods_tippsyUITests.framework */; };
		E6C47F8D1EF9B76F00418516 /* AppDelegate.swift in Sources */ = {isa = PBXBuildFile; fileRef = E6C47F8C1EF9B76F00418516 /* AppDelegate.swift */; };
		E6C47F8F1EF9B76F00418516 /* ViewController.swift in Sources */ = {isa = PBXBuildFile; fileRef = E6C47F8E1EF9B76F00418516 /* ViewController.swift */; };
		E6C47F921EF9B76F00418516 /* Main.storyboard in Resources */ = {isa = PBXBuildFile; fileRef = E6C47F901EF9B76F00418516 /* Main.storyboard */; };
		E6C47F941EF9B76F00418516 /* Assets.xcassets in Resources */ = {isa = PBXBuildFile; fileRef = E6C47F931EF9B76F00418516 /* Assets.xcassets */; };
		E6C47F971EF9B76F00418516 /* LaunchScreen.storyboard in Resources */ = {isa = PBXBuildFile; fileRef = E6C47F951EF9B76F00418516 /* LaunchScreen.storyboard */; };
		E6C47FA21EF9B76F00418516 /* tippsyTests.swift in Sources */ = {isa = PBXBuildFile; fileRef = E6C47FA11EF9B76F00418516 /* tippsyTests.swift */; };
		E6C47FAD1EF9B76F00418516 /* tippsyUITests.swift in Sources */ = {isa = PBXBuildFile; fileRef = E6C47FAC1EF9B76F00418516 /* tippsyUITests.swift */; };
/* End PBXBuildFile section */

/* Begin PBXContainerItemProxy section */
		E6C47F9E1EF9B76F00418516 /* PBXContainerItemProxy */ = {
			isa = PBXContainerItemProxy;
			containerPortal = E6C47F811EF9B76F00418516 /* Project object */;
			proxyType = 1;
			remoteGlobalIDString = E6C47F881EF9B76F00418516;
			remoteInfo = tippsy;
		};
		E6C47FA91EF9B76F00418516 /* PBXContainerItemProxy */ = {
			isa = PBXContainerItemProxy;
			containerPortal = E6C47F811EF9B76F00418516 /* Project object */;
			proxyType = 1;
			remoteGlobalIDString = E6C47F881EF9B76F00418516;
			remoteInfo = tippsy;
		};
/* End PBXContainerItemProxy section */

/* Begin PBXFileReference section */
		06ED9EA96BE68B69D5650754 /* Pods-tippsyUITests.debug.xcconfig */ = {isa = PBXFileReference; includeInIndex = 1; lastKnownFileType = text.xcconfig; name = "Pods-tippsyUITests.debug.xcconfig"; path = "Pods/Target Support Files/Pods-tippsyUITests/Pods-tippsyUITests.debug.xcconfig"; sourceTree = "<group>"; };
		1ACEA81920427285741F187C /* Pods-tippsyTests.debug.xcconfig */ = {isa = PBXFileReference; includeInIndex = 1; lastKnownFileType = text.xcconfig; name = "Pods-tippsyTests.debug.xcconfig"; path = "Pods/Target Support Files/Pods-tippsyTests/Pods-tippsyTests.debug.xcconfig"; sourceTree = "<group>"; };
		3DEADD66625787E5461D5644 /* Pods-tippsyTests.release.xcconfig */ = {isa = PBXFileReference; includeInIndex = 1; lastKnownFileType = text.xcconfig; name = "Pods-tippsyTests.release.xcconfig"; path = "Pods/Target Support Files/Pods-tippsyTests/Pods-tippsyTests.release.xcconfig"; sourceTree = "<group>"; };
		67193FBD716DC8AF3814A874 /* Pods-tippsy.debug.xcconfig */ = {isa = PBXFileReference; includeInIndex = 1; lastKnownFileType = text.xcconfig; name = "Pods-tippsy.debug.xcconfig"; path = "Pods/Target Support Files/Pods-tippsy/Pods-tippsy.debug.xcconfig"; sourceTree = "<group>"; };
		67844681900AA483AD95F2CD /* Pods_tippsyUITests.framework */ = {isa = PBXFileReference; explicitFileType = wrapper.framework; includeInIndex = 0; path = Pods_tippsyUITests.framework; sourceTree = BUILT_PRODUCTS_DIR; };
		9A889FEFB9B0D1509934D122 /* Pods-tippsy.release.xcconfig */ = {isa = PBXFileReference; includeInIndex = 1; lastKnownFileType = text.xcconfig; name = "Pods-tippsy.release.xcconfig"; path = "Pods/Target Support Files/Pods-tippsy/Pods-tippsy.release.xcconfig"; sourceTree = "<group>"; };
		DE23532F1DB532E5D9DD2372 /* Pods_tippsy.framework */ = {isa = PBXFileReference; explicitFileType = wrapper.framework; includeInIndex = 0; path = Pods_tippsy.framework; sourceTree = BUILT_PRODUCTS_DIR; };
		E3B63891466BFAC2905CD161 /* Pods-tippsyUITests.release.xcconfig */ = {isa = PBXFileReference; includeInIndex = 1; lastKnownFileType = text.xcconfig; name = "Pods-tippsyUITests.release.xcconfig"; path = "Pods/Target Support Files/Pods-tippsyUITests/Pods-tippsyUITests.release.xcconfig"; sourceTree = "<group>"; };
		E6C47F891EF9B76F00418516 /* tippsy.app */ = {isa = PBXFileReference; explicitFileType = wrapper.application; includeInIndex = 0; path = tippsy.app; sourceTree = BUILT_PRODUCTS_DIR; };
		E6C47F8C1EF9B76F00418516 /* AppDelegate.swift */ = {isa = PBXFileReference; lastKnownFileType = sourcecode.swift; path = AppDelegate.swift; sourceTree = "<group>"; };
		E6C47F8E1EF9B76F00418516 /* ViewController.swift */ = {isa = PBXFileReference; lastKnownFileType = sourcecode.swift; path = ViewController.swift; sourceTree = "<group>"; };
		E6C47F911EF9B76F00418516 /* Base */ = {isa = PBXFileReference; lastKnownFileType = file.storyboard; name = Base; path = Base.lproj/Main.storyboard; sourceTree = "<group>"; };
		E6C47F931EF9B76F00418516 /* Assets.xcassets */ = {isa = PBXFileReference; lastKnownFileType = folder.assetcatalog; path = Assets.xcassets; sourceTree = "<group>"; };
		E6C47F961EF9B76F00418516 /* Base */ = {isa = PBXFileReference; lastKnownFileType = file.storyboard; name = Base; path = Base.lproj/LaunchScreen.storyboard; sourceTree = "<group>"; };
		E6C47F981EF9B76F00418516 /* Info.plist */ = {isa = PBXFileReference; lastKnownFileType = text.plist.xml; path = Info.plist; sourceTree = "<group>"; };
		E6C47F9D1EF9B76F00418516 /* tippsyTests.xctest */ = {isa = PBXFileReference; explicitFileType = wrapper.cfbundle; includeInIndex = 0; path = tippsyTests.xctest; sourceTree = BUILT_PRODUCTS_DIR; };
		E6C47FA11EF9B76F00418516 /* tippsyTests.swift */ = {isa = PBXFileReference; lastKnownFileType = sourcecode.swift; path = tippsyTests.swift; sourceTree = "<group>"; };
		E6C47FA31EF9B76F00418516 /* Info.plist */ = {isa = PBXFileReference; lastKnownFileType = text.plist.xml; path = Info.plist; sourceTree = "<group>"; };
		E6C47FA81EF9B76F00418516 /* tippsyUITests.xctest */ = {isa = PBXFileReference; explicitFileType = wrapper.cfbundle; includeInIndex = 0; path = tippsyUITests.xctest; sourceTree = BUILT_PRODUCTS_DIR; };
		E6C47FAC1EF9B76F00418516 /* tippsyUITests.swift */ = {isa = PBXFileReference; lastKnownFileType = sourcecode.swift; path = tippsyUITests.swift; sourceTree = "<group>"; };
		E6C47FAE1EF9B76F00418516 /* Info.plist */ = {isa = PBXFileReference; lastKnownFileType = text.plist.xml; path = Info.plist; sourceTree = "<group>"; };
		EF29D2407D3E3F4C502A0E66 /* Pods_tippsyTests.framework */ = {isa = PBXFileReference; explicitFileType = wrapper.framework; includeInIndex = 0; path = Pods_tippsyTests.framework; sourceTree = BUILT_PRODUCTS_DIR; };
/* End PBXFileReference section */

/* Begin PBXFrameworksBuildPhase section */
		E6C47F861EF9B76F00418516 /* Frameworks */ = {
			isa = PBXFrameworksBuildPhase;
			buildActionMask = 2147483647;
			files = (
				D355DCD595D47DFC296BC9C0 /* Pods_tippsy.framework in Frameworks */,
			);
			runOnlyForDeploymentPostprocessing = 0;
		};
		E6C47F9A1EF9B76F00418516 /* Frameworks */ = {
			isa = PBXFrameworksBuildPhase;
			buildActionMask = 2147483647;
			files = (
				54C240FCEB4EC3277158363E /* Pods_tippsyTests.framework in Frameworks */,
			);
			runOnlyForDeploymentPostprocessing = 0;
		};
		E6C47FA51EF9B76F00418516 /* Frameworks */ = {
			isa = PBXFrameworksBuildPhase;
			buildActionMask = 2147483647;
			files = (
				D6A43C17EB9C4C14298E3DA6 /* Pods_tippsyUITests.framework in Frameworks */,
			);
			runOnlyForDeploymentPostprocessing = 0;
		};
/* End PBXFrameworksBuildPhase section */

/* Begin PBXGroup section */
		E6C47F801EF9B76F00418516 = {
			isa = PBXGroup;
			children = (
				E6C47F8B1EF9B76F00418516 /* tippsy */,
				E6C47FA01EF9B76F00418516 /* tippsyTests */,
				E6C47FAB1EF9B76F00418516 /* tippsyUITests */,
				E6C47F8A1EF9B76F00418516 /* Products */,
				FBD00B2B12C10337E4164B09 /* Pods */,
				FEF4BDC2B21F2706492CD254 /* Frameworks */,
			);
			sourceTree = "<group>";
		};
		E6C47F8A1EF9B76F00418516 /* Products */ = {
			isa = PBXGroup;
			children = (
				E6C47F891EF9B76F00418516 /* tippsy.app */,
				E6C47F9D1EF9B76F00418516 /* tippsyTests.xctest */,
				E6C47FA81EF9B76F00418516 /* tippsyUITests.xctest */,
			);
			name = Products;
			sourceTree = "<group>";
		};
		E6C47F8B1EF9B76F00418516 /* tippsy */ = {
			isa = PBXGroup;
			children = (
				E6C47F8C1EF9B76F00418516 /* AppDelegate.swift */,
				E6C47F8E1EF9B76F00418516 /* ViewController.swift */,
				E6C47F901EF9B76F00418516 /* Main.storyboard */,
				E6C47F931EF9B76F00418516 /* Assets.xcassets */,
				E6C47F951EF9B76F00418516 /* LaunchScreen.storyboard */,
				E6C47F981EF9B76F00418516 /* Info.plist */,
			);
			path = tippsy;
			sourceTree = "<group>";
		};
		E6C47FA01EF9B76F00418516 /* tippsyTests */ = {
			isa = PBXGroup;
			children = (
				E6C47FA11EF9B76F00418516 /* tippsyTests.swift */,
				E6C47FA31EF9B76F00418516 /* Info.plist */,
			);
			path = tippsyTests;
			sourceTree = "<group>";
		};
		E6C47FAB1EF9B76F00418516 /* tippsyUITests */ = {
			isa = PBXGroup;
			children = (
				E6C47FAC1EF9B76F00418516 /* tippsyUITests.swift */,
				E6C47FAE1EF9B76F00418516 /* Info.plist */,
			);
			path = tippsyUITests;
			sourceTree = "<group>";
		};
		FBD00B2B12C10337E4164B09 /* Pods */ = {
			isa = PBXGroup;
			children = (
				67193FBD716DC8AF3814A874 /* Pods-tippsy.debug.xcconfig */,
				9A889FEFB9B0D1509934D122 /* Pods-tippsy.release.xcconfig */,
				1ACEA81920427285741F187C /* Pods-tippsyTests.debug.xcconfig */,
				3DEADD66625787E5461D5644 /* Pods-tippsyTests.release.xcconfig */,
				06ED9EA96BE68B69D5650754 /* Pods-tippsyUITests.debug.xcconfig */,
				E3B63891466BFAC2905CD161 /* Pods-tippsyUITests.release.xcconfig */,
			);
			name = Pods;
			sourceTree = "<group>";
		};
		FEF4BDC2B21F2706492CD254 /* Frameworks */ = {
			isa = PBXGroup;
			children = (
				DE23532F1DB532E5D9DD2372 /* Pods_tippsy.framework */,
				EF29D2407D3E3F4C502A0E66 /* Pods_tippsyTests.framework */,
				67844681900AA483AD95F2CD /* Pods_tippsyUITests.framework */,
			);
			name = Frameworks;
			sourceTree = "<group>";
		};
/* End PBXGroup section */

/* Begin PBXNativeTarget section */
		E6C47F881EF9B76F00418516 /* tippsy */ = {
			isa = PBXNativeTarget;
			buildConfigurationList = E6C47FB11EF9B76F00418516 /* Build configuration list for PBXNativeTarget "tippsy" */;
			buildPhases = (
				4483ABFBA575A21D66108526 /* [CP] Check Pods Manifest.lock */,
				E6C47F851EF9B76F00418516 /* Sources */,
				E6C47F861EF9B76F00418516 /* Frameworks */,
				E6C47F871EF9B76F00418516 /* Resources */,
				C16CDB990EC27F1C164B0534 /* [CP] Embed Pods Frameworks */,
				8A28E90191860F412B054D5C /* [CP] Copy Pods Resources */,
			);
			buildRules = (
			);
			dependencies = (
			);
			name = tippsy;
			productName = tippsy;
			productReference = E6C47F891EF9B76F00418516 /* tippsy.app */;
			productType = "com.apple.product-type.application";
		};
		E6C47F9C1EF9B76F00418516 /* tippsyTests */ = {
			isa = PBXNativeTarget;
			buildConfigurationList = E6C47FB41EF9B76F00418516 /* Build configuration list for PBXNativeTarget "tippsyTests" */;
			buildPhases = (
				A0EF9628DC99B32D0D33E513 /* [CP] Check Pods Manifest.lock */,
				E6C47F991EF9B76F00418516 /* Sources */,
				E6C47F9A1EF9B76F00418516 /* Frameworks */,
				E6C47F9B1EF9B76F00418516 /* Resources */,
				1F615851BF10D999BBB01C0F /* [CP] Embed Pods Frameworks */,
				B77840352CED963DDB842758 /* [CP] Copy Pods Resources */,
			);
			buildRules = (
			);
			dependencies = (
				E6C47F9F1EF9B76F00418516 /* PBXTargetDependency */,
			);
			name = tippsyTests;
			productName = tippsyTests;
			productReference = E6C47F9D1EF9B76F00418516 /* tippsyTests.xctest */;
			productType = "com.apple.product-type.bundle.unit-test";
		};
		E6C47FA71EF9B76F00418516 /* tippsyUITests */ = {
			isa = PBXNativeTarget;
			buildConfigurationList = E6C47FB71EF9B76F00418516 /* Build configuration list for PBXNativeTarget "tippsyUITests" */;
			buildPhases = (
				460E65DDC80A68A73B20D308 /* [CP] Check Pods Manifest.lock */,
				E6C47FA41EF9B76F00418516 /* Sources */,
				E6C47FA51EF9B76F00418516 /* Frameworks */,
				E6C47FA61EF9B76F00418516 /* Resources */,
				A216B0B12D03DBD25949D772 /* [CP] Embed Pods Frameworks */,
				5BDDC9C551E3D6DF097D531C /* [CP] Copy Pods Resources */,
			);
			buildRules = (
			);
			dependencies = (
				E6C47FAA1EF9B76F00418516 /* PBXTargetDependency */,
			);
			name = tippsyUITests;
			productName = tippsyUITests;
			productReference = E6C47FA81EF9B76F00418516 /* tippsyUITests.xctest */;
			productType = "com.apple.product-type.bundle.ui-testing";
		};
/* End PBXNativeTarget section */

/* Begin PBXProject section */
		E6C47F811EF9B76F00418516 /* Project object */ = {
			isa = PBXProject;
			attributes = {
				LastSwiftUpdateCheck = 0830;
				LastUpgradeCheck = 0830;
				ORGANIZATIONNAME = "Agustin Balquin";
				TargetAttributes = {
					E6C47F881EF9B76F00418516 = {
						CreatedOnToolsVersion = 8.3.2;
						ProvisioningStyle = Automatic;
					};
					E6C47F9C1EF9B76F00418516 = {
						CreatedOnToolsVersion = 8.3.2;
						ProvisioningStyle = Automatic;
						TestTargetID = E6C47F881EF9B76F00418516;
					};
					E6C47FA71EF9B76F00418516 = {
						CreatedOnToolsVersion = 8.3.2;
						ProvisioningStyle = Automatic;
						TestTargetID = E6C47F881EF9B76F00418516;
					};
				};
			};
			buildConfigurationList = E6C47F841EF9B76F00418516 /* Build configuration list for PBXProject "tippsy" */;
			compatibilityVersion = "Xcode 3.2";
			developmentRegion = English;
			hasScannedForEncodings = 0;
			knownRegions = (
				en,
				Base,
			);
			mainGroup = E6C47F801EF9B76F00418516;
			productRefGroup = E6C47F8A1EF9B76F00418516 /* Products */;
			projectDirPath = "";
			projectRoot = "";
			targets = (
				E6C47F881EF9B76F00418516 /* tippsy */,
				E6C47F9C1EF9B76F00418516 /* tippsyTests */,
				E6C47FA71EF9B76F00418516 /* tippsyUITests */,
			);
		};
/* End PBXProject section */

/* Begin PBXResourcesBuildPhase section */
		E6C47F871EF9B76F00418516 /* Resources */ = {
			isa = PBXResourcesBuildPhase;
			buildActionMask = 2147483647;
			files = (
				E6C47F971EF9B76F00418516 /* LaunchScreen.storyboard in Resources */,
				E6C47F941EF9B76F00418516 /* Assets.xcassets in Resources */,
				E6C47F921EF9B76F00418516 /* Main.storyboard in Resources */,
			);
			runOnlyForDeploymentPostprocessing = 0;
		};
		E6C47F9B1EF9B76F00418516 /* Resources */ = {
			isa = PBXResourcesBuildPhase;
			buildActionMask = 2147483647;
			files = (
			);
			runOnlyForDeploymentPostprocessing = 0;
		};
		E6C47FA61EF9B76F00418516 /* Resources */ = {
			isa = PBXResourcesBuildPhase;
			buildActionMask = 2147483647;
			files = (
			);
			runOnlyForDeploymentPostprocessing = 0;
		};
/* End PBXResourcesBuildPhase section */

/* Begin PBXShellScriptBuildPhase section */
		1F615851BF10D999BBB01C0F /* [CP] Embed Pods Frameworks */ = {
			isa = PBXShellScriptBuildPhase;
			buildActionMask = 2147483647;
			files = (
			);
			inputPaths = (
			);
			name = "[CP] Embed Pods Frameworks";
			outputPaths = (
			);
			runOnlyForDeploymentPostprocessing = 0;
			shellPath = /bin/sh;
			shellScript = "\"${SRCROOT}/Pods/Target Support Files/Pods-tippsyTests/Pods-tippsyTests-frameworks.sh\"\n";
			showEnvVarsInLog = 0;
		};
		4483ABFBA575A21D66108526 /* [CP] Check Pods Manifest.lock */ = {
			isa = PBXShellScriptBuildPhase;
			buildActionMask = 2147483647;
			files = (
			);
			inputPaths = (
			);
			name = "[CP] Check Pods Manifest.lock";
			outputPaths = (
			);
			runOnlyForDeploymentPostprocessing = 0;
			shellPath = /bin/sh;
			shellScript = "diff \"${PODS_PODFILE_DIR_PATH}/Podfile.lock\" \"${PODS_ROOT}/Manifest.lock\" > /dev/null\nif [ $? != 0 ] ; then\n    # print error to STDERR\n    echo \"error: The sandbox is not in sync with the Podfile.lock. Run 'pod install' or update your CocoaPods installation.\" >&2\n    exit 1\nfi\n";
			showEnvVarsInLog = 0;
		};
		460E65DDC80A68A73B20D308 /* [CP] Check Pods Manifest.lock */ = {
			isa = PBXShellScriptBuildPhase;
			buildActionMask = 2147483647;
			files = (
			);
			inputPaths = (
			);
			name = "[CP] Check Pods Manifest.lock";
			outputPaths = (
			);
			runOnlyForDeploymentPostprocessing = 0;
			shellPath = /bin/sh;
			shellScript = "diff \"${PODS_PODFILE_DIR_PATH}/Podfile.lock\" \"${PODS_ROOT}/Manifest.lock\" > /dev/null\nif [ $? != 0 ] ; then\n    # print error to STDERR\n    echo \"error: The sandbox is not in sync with the Podfile.lock. Run 'pod install' or update your CocoaPods installation.\" >&2\n    exit 1\nfi\n";
			showEnvVarsInLog = 0;
		};
		5BDDC9C551E3D6DF097D531C /* [CP] Copy Pods Resources */ = {
			isa = PBXShellScriptBuildPhase;
			buildActionMask = 2147483647;
			files = (
			);
			inputPaths = (
			);
			name = "[CP] Copy Pods Resources";
			outputPaths = (
			);
			runOnlyForDeploymentPostprocessing = 0;
			shellPath = /bin/sh;
			shellScript = "\"${SRCROOT}/Pods/Target Support Files/Pods-tippsyUITests/Pods-tippsyUITests-resources.sh\"\n";
			showEnvVarsInLog = 0;
		};
		8A28E90191860F412B054D5C /* [CP] Copy Pods Resources */ = {
			isa = PBXShellScriptBuildPhase;
			buildActionMask = 2147483647;
			files = (
			);
			inputPaths = (
			);
			name = "[CP] Copy Pods Resources";
			outputPaths = (
			);
			runOnlyForDeploymentPostprocessing = 0;
			shellPath = /bin/sh;
			shellScript = "\"${SRCROOT}/Pods/Target Support Files/Pods-tippsy/Pods-tippsy-resources.sh\"\n";
			showEnvVarsInLog = 0;
		};
		A0EF9628DC99B32D0D33E513 /* [CP] Check Pods Manifest.lock */ = {
			isa = PBXShellScriptBuildPhase;
			buildActionMask = 2147483647;
			files = (
			);
			inputPaths = (
			);
			name = "[CP] Check Pods Manifest.lock";
			outputPaths = (
			);
			runOnlyForDeploymentPostprocessing = 0;
			shellPath = /bin/sh;
			shellScript = "diff \"${PODS_PODFILE_DIR_PATH}/Podfile.lock\" \"${PODS_ROOT}/Manifest.lock\" > /dev/null\nif [ $? != 0 ] ; then\n    # print error to STDERR\n    echo \"error: The sandbox is not in sync with the Podfile.lock. Run 'pod install' or update your CocoaPods installation.\" >&2\n    exit 1\nfi\n";
			showEnvVarsInLog = 0;
		};
		A216B0B12D03DBD25949D772 /* [CP] Embed Pods Frameworks */ = {
			isa = PBXShellScriptBuildPhase;
			buildActionMask = 2147483647;
			files = (
			);
			inputPaths = (
			);
			name = "[CP] Embed Pods Frameworks";
			outputPaths = (
			);
			runOnlyForDeploymentPostprocessing = 0;
			shellPath = /bin/sh;
			shellScript = "\"${SRCROOT}/Pods/Target Support Files/Pods-tippsyUITests/Pods-tippsyUITests-frameworks.sh\"\n";
			showEnvVarsInLog = 0;
		};
		B77840352CED963DDB842758 /* [CP] Copy Pods Resources */ = {
			isa = PBXShellScriptBuildPhase;
			buildActionMask = 2147483647;
			files = (
			);
			inputPaths = (
			);
			name = "[CP] Copy Pods Resources";
			outputPaths = (
			);
			runOnlyForDeploymentPostprocessing = 0;
			shellPath = /bin/sh;
			shellScript = "\"${SRCROOT}/Pods/Target Support Files/Pods-tippsyTests/Pods-tippsyTests-resources.sh\"\n";
			showEnvVarsInLog = 0;
		};
		C16CDB990EC27F1C164B0534 /* [CP] Embed Pods Frameworks */ = {
			isa = PBXShellScriptBuildPhase;
			buildActionMask = 2147483647;
			files = (
			);
			inputPaths = (
			);
			name = "[CP] Embed Pods Frameworks";
			outputPaths = (
			);
			runOnlyForDeploymentPostprocessing = 0;
			shellPath = /bin/sh;
			shellScript = "\"${SRCROOT}/Pods/Target Support Files/Pods-tippsy/Pods-tippsy-frameworks.sh\"\n";
			showEnvVarsInLog = 0;
		};
/* End PBXShellScriptBuildPhase section */

/* Begin PBXSourcesBuildPhase section */
		E6C47F851EF9B76F00418516 /* Sources */ = {
			isa = PBXSourcesBuildPhase;
			buildActionMask = 2147483647;
			files = (
				E6C47F8F1EF9B76F00418516 /* ViewController.swift in Sources */,
				E6C47F8D1EF9B76F00418516 /* AppDelegate.swift in Sources */,
			);
			runOnlyForDeploymentPostprocessing = 0;
		};
		E6C47F991EF9B76F00418516 /* Sources */ = {
			isa = PBXSourcesBuildPhase;
			buildActionMask = 2147483647;
			files = (
				E6C47FA21EF9B76F00418516 /* tippsyTests.swift in Sources */,
			);
			runOnlyForDeploymentPostprocessing = 0;
		};
		E6C47FA41EF9B76F00418516 /* Sources */ = {
			isa = PBXSourcesBuildPhase;
			buildActionMask = 2147483647;
			files = (
				E6C47FAD1EF9B76F00418516 /* tippsyUITests.swift in Sources */,
			);
			runOnlyForDeploymentPostprocessing = 0;
		};
/* End PBXSourcesBuildPhase section */

/* Begin PBXTargetDependency section */
		E6C47F9F1EF9B76F00418516 /* PBXTargetDependency */ = {
			isa = PBXTargetDependency;
			target = E6C47F881EF9B76F00418516 /* tippsy */;
			targetProxy = E6C47F9E1EF9B76F00418516 /* PBXContainerItemProxy */;
		};
		E6C47FAA1EF9B76F00418516 /* PBXTargetDependency */ = {
			isa = PBXTargetDependency;
			target = E6C47F881EF9B76F00418516 /* tippsy */;
			targetProxy = E6C47FA91EF9B76F00418516 /* PBXContainerItemProxy */;
		};
/* End PBXTargetDependency section */

/* Begin PBXVariantGroup section */
		E6C47F901EF9B76F00418516 /* Main.storyboard */ = {
			isa = PBXVariantGroup;
			children = (
				E6C47F911EF9B76F00418516 /* Base */,
			);
			name = Main.storyboard;
			sourceTree = "<group>";
		};
		E6C47F951EF9B76F00418516 /* LaunchScreen.storyboard */ = {
			isa = PBXVariantGroup;
			children = (
				E6C47F961EF9B76F00418516 /* Base */,
			);
			name = LaunchScreen.storyboard;
			sourceTree = "<group>";
		};
/* End PBXVariantGroup section */

/* Begin XCBuildConfiguration section */
		E6C47FAF1EF9B76F00418516 /* Debug */ = {
			isa = XCBuildConfiguration;
			buildSettings = {
				ALWAYS_SEARCH_USER_PATHS = NO;
				CLANG_ANALYZER_NONNULL = YES;
				CLANG_ANALYZER_NUMBER_OBJECT_CONVERSION = YES_AGGRESSIVE;
				CLANG_CXX_LANGUAGE_STANDARD = "gnu++0x";
				CLANG_CXX_LIBRARY = "libc++";
				CLANG_ENABLE_MODULES = YES;
				CLANG_ENABLE_OBJC_ARC = YES;
				CLANG_WARN_BOOL_CONVERSION = YES;
				CLANG_WARN_CONSTANT_CONVERSION = YES;
				CLANG_WARN_DIRECT_OBJC_ISA_USAGE = YES_ERROR;
				CLANG_WARN_DOCUMENTATION_COMMENTS = YES;
				CLANG_WARN_EMPTY_BODY = YES;
				CLANG_WARN_ENUM_CONVERSION = YES;
				CLANG_WARN_INFINITE_RECURSION = YES;
				CLANG_WARN_INT_CONVERSION = YES;
				CLANG_WARN_OBJC_ROOT_CLASS = YES_ERROR;
				CLANG_WARN_SUSPICIOUS_MOVE = YES;
				CLANG_WARN_UNREACHABLE_CODE = YES;
				CLANG_WARN__DUPLICATE_METHOD_MATCH = YES;
				"CODE_SIGN_IDENTITY[sdk=iphoneos*]" = "iPhone Developer";
				COPY_PHASE_STRIP = NO;
				DEBUG_INFORMATION_FORMAT = dwarf;
				ENABLE_STRICT_OBJC_MSGSEND = YES;
				ENABLE_TESTABILITY = YES;
				GCC_C_LANGUAGE_STANDARD = gnu99;
				GCC_DYNAMIC_NO_PIC = NO;
				GCC_NO_COMMON_BLOCKS = YES;
				GCC_OPTIMIZATION_LEVEL = 0;
				GCC_PREPROCESSOR_DEFINITIONS = (
					"DEBUG=1",
					"$(inherited)",
				);
				GCC_WARN_64_TO_32_BIT_CONVERSION = YES;
				GCC_WARN_ABOUT_RETURN_TYPE = YES_ERROR;
				GCC_WARN_UNDECLARED_SELECTOR = YES;
				GCC_WARN_UNINITIALIZED_AUTOS = YES_AGGRESSIVE;
				GCC_WARN_UNUSED_FUNCTION = YES;
				GCC_WARN_UNUSED_VARIABLE = YES;
				IPHONEOS_DEPLOYMENT_TARGET = 10.3;
				MTL_ENABLE_DEBUG_INFO = YES;
				ONLY_ACTIVE_ARCH = YES;
				SDKROOT = iphoneos;
				SWIFT_ACTIVE_COMPILATION_CONDITIONS = DEBUG;
				SWIFT_OPTIMIZATION_LEVEL = "-Onone";
				TARGETED_DEVICE_FAMILY = "1,2";
			};
			name = Debug;
		};
		E6C47FB01EF9B76F00418516 /* Release */ = {
			isa = XCBuildConfiguration;
			buildSettings = {
				ALWAYS_SEARCH_USER_PATHS = NO;
				CLANG_ANALYZER_NONNULL = YES;
				CLANG_ANALYZER_NUMBER_OBJECT_CONVERSION = YES_AGGRESSIVE;
				CLANG_CXX_LANGUAGE_STANDARD = "gnu++0x";
				CLANG_CXX_LIBRARY = "libc++";
				CLANG_ENABLE_MODULES = YES;
				CLANG_ENABLE_OBJC_ARC = YES;
				CLANG_WARN_BOOL_CONVERSION = YES;
				CLANG_WARN_CONSTANT_CONVERSION = YES;
				CLANG_WARN_DIRECT_OBJC_ISA_USAGE = YES_ERROR;
				CLANG_WARN_DOCUMENTATION_COMMENTS = YES;
				CLANG_WARN_EMPTY_BODY = YES;
				CLANG_WARN_ENUM_CONVERSION = YES;
				CLANG_WARN_INFINITE_RECURSION = YES;
				CLANG_WARN_INT_CONVERSION = YES;
				CLANG_WARN_OBJC_ROOT_CLASS = YES_ERROR;
				CLANG_WARN_SUSPICIOUS_MOVE = YES;
				CLANG_WARN_UNREACHABLE_CODE = YES;
				CLANG_WARN__DUPLICATE_METHOD_MATCH = YES;
				"CODE_SIGN_IDENTITY[sdk=iphoneos*]" = "iPhone Developer";
				COPY_PHASE_STRIP = NO;
				DEBUG_INFORMATION_FORMAT = "dwarf-with-dsym";
				ENABLE_NS_ASSERTIONS = NO;
				ENABLE_STRICT_OBJC_MSGSEND = YES;
				GCC_C_LANGUAGE_STANDARD = gnu99;
				GCC_NO_COMMON_BLOCKS = YES;
				GCC_WARN_64_TO_32_BIT_CONVERSION = YES;
				GCC_WARN_ABOUT_RETURN_TYPE = YES_ERROR;
				GCC_WARN_UNDECLARED_SELECTOR = YES;
				GCC_WARN_UNINITIALIZED_AUTOS = YES_AGGRESSIVE;
				GCC_WARN_UNUSED_FUNCTION = YES;
				GCC_WARN_UNUSED_VARIABLE = YES;
				IPHONEOS_DEPLOYMENT_TARGET = 10.3;
				MTL_ENABLE_DEBUG_INFO = NO;
				SDKROOT = iphoneos;
				SWIFT_OPTIMIZATION_LEVEL = "-Owholemodule";
				TARGETED_DEVICE_FAMILY = "1,2";
				VALIDATE_PRODUCT = YES;
			};
			name = Release;
		};
		E6C47FB21EF9B76F00418516 /* Debug */ = {
			isa = XCBuildConfiguration;
			baseConfigurationReference = 67193FBD716DC8AF3814A874 /* Pods-tippsy.debug.xcconfig */;
			buildSettings = {
				ASSETCATALOG_COMPILER_APPICON_NAME = AppIcon;
				INFOPLIST_FILE = tippsy/Info.plist;
				LD_RUNPATH_SEARCH_PATHS = "$(inherited) @executable_path/Frameworks";
				PRODUCT_BUNDLE_IDENTIFIER = com.facebook.abalquin.tippsy;
				PRODUCT_NAME = "$(TARGET_NAME)";
				SWIFT_VERSION = 3.0;
			};
			name = Debug;
		};
		E6C47FB31EF9B76F00418516 /* Release */ = {
			isa = XCBuildConfiguration;
			baseConfigurationReference = 9A889FEFB9B0D1509934D122 /* Pods-tippsy.release.xcconfig */;
			buildSettings = {
				ASSETCATALOG_COMPILER_APPICON_NAME = AppIcon;
				INFOPLIST_FILE = tippsy/Info.plist;
				LD_RUNPATH_SEARCH_PATHS = "$(inherited) @executable_path/Frameworks";
				PRODUCT_BUNDLE_IDENTIFIER = com.facebook.abalquin.tippsy;
				PRODUCT_NAME = "$(TARGET_NAME)";
				SWIFT_VERSION = 3.0;
			};
			name = Release;
		};
		E6C47FB51EF9B76F00418516 /* Debug */ = {
			isa = XCBuildConfiguration;
			baseConfigurationReference = 1ACEA81920427285741F187C /* Pods-tippsyTests.debug.xcconfig */;
			buildSettings = {
				ALWAYS_EMBED_SWIFT_STANDARD_LIBRARIES = YES;
				BUNDLE_LOADER = "$(TEST_HOST)";
				INFOPLIST_FILE = tippsyTests/Info.plist;
				LD_RUNPATH_SEARCH_PATHS = "$(inherited) @executable_path/Frameworks @loader_path/Frameworks";
				PRODUCT_BUNDLE_IDENTIFIER = com.facebook.abalquin.tippsyTests;
				PRODUCT_NAME = "$(TARGET_NAME)";
				SWIFT_VERSION = 3.0;
				TEST_HOST = "$(BUILT_PRODUCTS_DIR)/tippsy.app/tippsy";
			};
			name = Debug;
		};
		E6C47FB61EF9B76F00418516 /* Release */ = {
			isa = XCBuildConfiguration;
			baseConfigurationReference = 3DEADD66625787E5461D5644 /* Pods-tippsyTests.release.xcconfig */;
			buildSettings = {
				ALWAYS_EMBED_SWIFT_STANDARD_LIBRARIES = YES;
				BUNDLE_LOADER = "$(TEST_HOST)";
				INFOPLIST_FILE = tippsyTests/Info.plist;
				LD_RUNPATH_SEARCH_PATHS = "$(inherited) @executable_path/Frameworks @loader_path/Frameworks";
				PRODUCT_BUNDLE_IDENTIFIER = com.facebook.abalquin.tippsyTests;
				PRODUCT_NAME = "$(TARGET_NAME)";
				SWIFT_VERSION = 3.0;
				TEST_HOST = "$(BUILT_PRODUCTS_DIR)/tippsy.app/tippsy";
			};
			name = Release;
		};
		E6C47FB81EF9B76F00418516 /* Debug */ = {
			isa = XCBuildConfiguration;
			baseConfigurationReference = 06ED9EA96BE68B69D5650754 /* Pods-tippsyUITests.debug.xcconfig */;
			buildSettings = {
				ALWAYS_EMBED_SWIFT_STANDARD_LIBRARIES = YES;
				INFOPLIST_FILE = tippsyUITests/Info.plist;
				LD_RUNPATH_SEARCH_PATHS = "$(inherited) @executable_path/Frameworks @loader_path/Frameworks";
				PRODUCT_BUNDLE_IDENTIFIER = com.facebook.abalquin.tippsyUITests;
				PRODUCT_NAME = "$(TARGET_NAME)";
				SWIFT_VERSION = 3.0;
				TEST_TARGET_NAME = tippsy;
			};
			name = Debug;
		};
		E6C47FB91EF9B76F00418516 /* Release */ = {
			isa = XCBuildConfiguration;
			baseConfigurationReference = E3B63891466BFAC2905CD161 /* Pods-tippsyUITests.release.xcconfig */;
			buildSettings = {
				ALWAYS_EMBED_SWIFT_STANDARD_LIBRARIES = YES;
				INFOPLIST_FILE = tippsyUITests/Info.plist;
				LD_RUNPATH_SEARCH_PATHS = "$(inherited) @executable_path/Frameworks @loader_path/Frameworks";
				PRODUCT_BUNDLE_IDENTIFIER = com.facebook.abalquin.tippsyUITests;
				PRODUCT_NAME = "$(TARGET_NAME)";
				SWIFT_VERSION = 3.0;
				TEST_TARGET_NAME = tippsy;
			};
			name = Release;
		};
/* End XCBuildConfiguration section */

/* Begin XCConfigurationList section */
		E6C47F841EF9B76F00418516 /* Build configuration list for PBXProject "tippsy" */ = {
			isa = XCConfigurationList;
			buildConfigurations = (
				E6C47FAF1EF9B76F00418516 /* Debug */,
				E6C47FB01EF9B76F00418516 /* Release */,
			);
			defaultConfigurationIsVisible = 0;
			defaultConfigurationName = Release;
		};
		E6C47FB11EF9B76F00418516 /* Build configuration list for PBXNativeTarget "tippsy" */ = {
			isa = XCConfigurationList;
			buildConfigurations = (
				E6C47FB21EF9B76F00418516 /* Debug */,
				E6C47FB31EF9B76F00418516 /* Release */,
			);
			defaultConfigurationIsVisible = 0;
		};
		E6C47FB41EF9B76F00418516 /* Build configuration list for PBXNativeTarget "tippsyTests" */ = {
			isa = XCConfigurationList;
			buildConfigurations = (
				E6C47FB51EF9B76F00418516 /* Debug */,
				E6C47FB61EF9B76F00418516 /* Release */,
			);
			defaultConfigurationIsVisible = 0;
		};
		E6C47FB71EF9B76F00418516 /* Build configuration list for PBXNativeTarget "tippsyUITests" */ = {
			isa = XCConfigurationList;
			buildConfigurations = (
				E6C47FB81EF9B76F00418516 /* Debug */,
				E6C47FB91EF9B76F00418516 /* Release */,
			);
			defaultConfigurationIsVisible = 0;
		};
/* End XCConfigurationList section */
	};
	rootObject = E6C47F811EF9B76F00418516 /* Project object */;
}
